{
  "name": "grassroots",
  "version": "0.0.1",
  "lockfileVersion": 1,
  "requires": true,
  "dependencies": {
    "@angular/common": {
      "version": "4.1.3",
      "resolved": "https://registry.npmjs.org/@angular/common/-/common-4.1.3.tgz",
      "integrity": "sha1-58R5HjITHPdMI5QowqZ9qrLu8Bc="
    },
    "@angular/compiler": {
      "version": "4.1.3",
      "resolved": "https://registry.npmjs.org/@angular/compiler/-/compiler-4.1.3.tgz",
      "integrity": "sha1-0t0whTsM9KVHWLSjFGMsIx+clMM="
    },
    "@angular/compiler-cli": {
      "version": "4.1.3",
      "resolved": "https://registry.npmjs.org/@angular/compiler-cli/-/compiler-cli-4.1.3.tgz",
      "integrity": "sha1-wjYv/fZXVkcUgfg5+rZ1vKwhP5Y="
    },
    "@angular/core": {
      "version": "4.1.3",
      "resolved": "https://registry.npmjs.org/@angular/core/-/core-4.1.3.tgz",
      "integrity": "sha1-KFSY64arfQtvmC+Pn0h+9hABOzU="
    },
    "@angular/forms": {
      "version": "4.1.3",
      "resolved": "https://registry.npmjs.org/@angular/forms/-/forms-4.1.3.tgz",
      "integrity": "sha1-OAq0w6+ExdHXSMKn0EFRx9yOSYI="
    },
    "@angular/http": {
      "version": "4.1.3",
      "resolved": "https://registry.npmjs.org/@angular/http/-/http-4.1.3.tgz",
      "integrity": "sha1-650cMCoBcoFfmlczENm+C964Ra4="
    },
    "@angular/platform-browser": {
      "version": "4.1.3",
      "resolved": "https://registry.npmjs.org/@angular/platform-browser/-/platform-browser-4.1.3.tgz",
      "integrity": "sha1-T6HbURndF4sxXdrlsym+4akypb0="
    },
    "@angular/platform-browser-dynamic": {
      "version": "4.1.3",
      "resolved": "https://registry.npmjs.org/@angular/platform-browser-dynamic/-/platform-browser-dynamic-4.1.3.tgz",
      "integrity": "sha1-PBP9z1kdSH9u/cHUaRPygMbYwuw="
    },
    "@ionic-native/core": {
      "version": "4.1.0",
      "resolved": "https://registry.npmjs.org/@ionic-native/core/-/core-4.1.0.tgz",
      "integrity": "sha1-YDYQqbeWNtmR5hIxaxTDwtPpvPM="
    },
    "@ionic-native/in-app-browser": {
      "version": "4.1.0",
      "resolved": "https://registry.npmjs.org/@ionic-native/in-app-browser/-/in-app-browser-4.1.0.tgz",
      "integrity": "sha1-b2aU0T42UAgQkChn6Q5lZ9PSHtk="
    },
    "@ionic-native/splash-screen": {
      "version": "4.1.0",
      "resolved": "https://registry.npmjs.org/@ionic-native/splash-screen/-/splash-screen-4.1.0.tgz",
      "integrity": "sha1-nYPZFxCI4+rv3NPhp7JbAUMfWTU="
    },
    "@ionic-native/status-bar": {
      "version": "4.1.0",
      "resolved": "https://registry.npmjs.org/@ionic-native/status-bar/-/status-bar-4.1.0.tgz",
      "integrity": "sha1-kM5Qs1UsTMRlUT5WMjPMHGSAVVI="
    },
    "@ionic/app-scripts": {
      "version": "2.1.4",
      "resolved": "https://registry.npmjs.org/@ionic/app-scripts/-/app-scripts-2.1.4.tgz",
      "integrity": "sha512-BEMB+WhtpTZCnBA6t+TMtfZaukcqNS5zlTAV53s+U92p+6Hg6BLVzmOvxqm0tA/TSfwXNFtQ08lxS8uMFUxivA=="
    },
    "@ionic/storage": {
      "version": "2.0.1",
      "resolved": "https://registry.npmjs.org/@ionic/storage/-/storage-2.0.1.tgz",
      "integrity": "sha1-uxqMJ2AH0AjXrN2kJrVgZbD9PAs="
    },
    "@ngx-translate/core": {
      "version": "7.2.0",
      "resolved": "https://registry.npmjs.org/@ngx-translate/core/-/core-7.2.0.tgz",
      "integrity": "sha1-hQa2+KjMsFavmL9OyeoqtXvY8YE="
    },
    "@ngx-translate/http-loader": {
      "version": "0.1.0",
      "resolved": "https://registry.npmjs.org/@ngx-translate/http-loader/-/http-loader-0.1.0.tgz",
      "integrity": "sha1-YCkyVWHXho/jJaQZ3idw6Y/xUC4="
    },
    "angular2-jwt": {
      "version": "0.2.3",
      "resolved": "https://registry.npmjs.org/angular2-jwt/-/angular2-jwt-0.2.3.tgz",
      "integrity": "sha1-VO/do87tuoX2o3sWXyKsIrit8CE="
    },
    "concurrently": {
      "version": "3.5.0",
      "resolved": "https://registry.npmjs.org/concurrently/-/concurrently-3.5.0.tgz",
      "integrity": "sha1-jPG3cHppFqeKT/W3e7BN7FSzebI=",
      "dev": true,
      "dependencies": {
        "ansi-regex": {
          "version": "0.2.1",
          "resolved": "https://registry.npmjs.org/ansi-regex/-/ansi-regex-0.2.1.tgz",
          "integrity": "sha1-DY6UaWej2BQ/k+JOKYUl/BsiNfk="
        },
        "ansi-styles": {
          "version": "1.1.0",
          "resolved": "https://registry.npmjs.org/ansi-styles/-/ansi-styles-1.1.0.tgz",
          "integrity": "sha1-6uy/Zs1waIJ2Cy9GkVgrj1XXp94="
        },
        "chalk": {
          "version": "0.5.1",
          "resolved": "https://registry.npmjs.org/chalk/-/chalk-0.5.1.tgz",
          "integrity": "sha1-Zjs6ZItotV0EaQ1JFnqoN4WPIXQ=",
          "dependencies": {
            "supports-color": {
              "version": "0.2.0",
              "resolved": "https://registry.npmjs.org/supports-color/-/supports-color-0.2.0.tgz",
              "integrity": "sha1-2S3iaU6z9nMjlz1649i1W0wiGQo="
            }
          }
        },
        "commander": {
          "version": "2.6.0",
          "resolved": "https://registry.npmjs.org/commander/-/commander-2.6.0.tgz",
          "integrity": "sha1-nfflL7Kgyw+4kFjugMMQQiXzfh0="
        },
        "has-ansi": {
          "version": "0.1.0",
          "resolved": "https://registry.npmjs.org/has-ansi/-/has-ansi-0.1.0.tgz",
          "integrity": "sha1-hPJlqujA5qiKEtcCKJS3VoiUxi4="
        },
        "has-flag": {
          "version": "1.0.0",
          "resolved": "https://registry.npmjs.org/has-flag/-/has-flag-1.0.0.tgz",
          "integrity": "sha1-nZ55MWXOAXoA8AQYxD+UKnsdEfo="
        },
        "strip-ansi": {
          "version": "0.3.0",
          "resolved": "https://registry.npmjs.org/strip-ansi/-/strip-ansi-0.3.0.tgz",
          "integrity": "sha1-JfSOoiynkYfzF0pNuHWTR7sSYiA="
        },
        "supports-color": {
          "version": "3.2.3",
          "resolved": "https://registry.npmjs.org/supports-color/-/supports-color-3.2.3.tgz",
          "integrity": "sha1-ZawFBLOVQXHYpklGsq48u4pfVPY="
        }
      }
    },
    "cordova-android": {
      "version": "6.2.3",
      "resolved": "https://registry.npmjs.org/cordova-android/-/cordova-android-6.2.3.tgz",
      "integrity": "sha1-JJ8hts5fHxyEenq4OxaQnb7Vqig=",
      "dependencies": {
        "abbrev": {
          "version": "1.1.0",
          "bundled": true
        },
        "ansi": {
          "version": "0.3.1",
          "bundled": true
        },
        "balanced-match": {
          "version": "0.4.2",
          "bundled": true
        },
        "base64-js": {
          "version": "0.0.8",
          "bundled": true
        },
        "big-integer": {
          "version": "1.6.22",
          "bundled": true
        },
        "bplist-parser": {
          "version": "0.1.1",
          "bundled": true
        },
        "brace-expansion": {
          "version": "1.1.7",
          "bundled": true
        },
        "concat-map": {
          "version": "0.0.1",
          "bundled": true
        },
        "cordova-common": {
          "version": "2.0.2",
          "bundled": true
        },
        "cordova-registry-mapper": {
          "version": "1.1.15",
          "bundled": true
        },
        "elementtree": {
          "version": "0.1.6",
          "bundled": true
        },
        "glob": {
          "version": "5.0.15",
          "bundled": true
        },
        "inflight": {
          "version": "1.0.6",
          "bundled": true
        },
        "inherits": {
          "version": "2.0.3",
          "bundled": true
        },
        "lodash": {
          "version": "3.10.1",
          "bundled": true
        },
        "minimatch": {
          "version": "3.0.3",
          "bundled": true
        },
        "nopt": {
          "version": "3.0.6",
          "bundled": true
        },
        "once": {
          "version": "1.4.0",
          "bundled": true
        },
        "os-homedir": {
          "version": "1.0.2",
          "bundled": true
        },
        "os-tmpdir": {
          "version": "1.0.2",
          "bundled": true
        },
        "osenv": {
          "version": "0.1.4",
          "bundled": true
        },
        "path-is-absolute": {
          "version": "1.0.1",
          "bundled": true
        },
        "plist": {
          "version": "1.2.0",
          "bundled": true
        },
        "properties-parser": {
          "version": "0.2.3",
          "bundled": true
        },
        "q": {
          "version": "1.5.0",
          "bundled": true
        },
        "sax": {
          "version": "0.3.5",
          "bundled": true
        },
        "semver": {
          "version": "5.3.0",
          "bundled": true
        },
        "shelljs": {
          "version": "0.5.3",
          "bundled": true
        },
        "underscore": {
          "version": "1.8.3",
          "bundled": true
        },
        "unorm": {
          "version": "1.4.1",
          "bundled": true
        },
        "util-deprecate": {
          "version": "1.0.2",
          "bundled": true
        },
        "wrappy": {
          "version": "1.0.2",
          "bundled": true
        },
        "xmlbuilder": {
          "version": "4.0.0",
          "bundled": true
        },
        "xmldom": {
          "version": "0.1.27",
          "bundled": true
        }
      }
    },
    "cordova-ios": {
      "version": "4.4.0",
      "resolved": "https://registry.npmjs.org/cordova-ios/-/cordova-ios-4.4.0.tgz",
      "integrity": "sha1-XNbvciRQXbVYRG5GN62X0IeMdO8=",
      "dependencies": {
        "abbrev": {
          "version": "1.0.9",
          "bundled": true
        },
        "ansi": {
          "version": "0.3.1",
          "bundled": true
        },
        "balanced-match": {
          "version": "0.4.2",
          "bundled": true
        },
        "base64-js": {
          "version": "0.0.8",
          "bundled": true
        },
        "big-integer": {
          "version": "1.6.17",
          "bundled": true
        },
        "bplist-creator": {
          "version": "0.0.4",
          "bundled": true
        },
        "bplist-parser": {
          "version": "0.1.1",
          "bundled": true
        },
        "brace-expansion": {
          "version": "1.1.6",
          "bundled": true
        },
        "concat-map": {
          "version": "0.0.1",
          "bundled": true
        },
        "cordova-common": {
          "version": "2.0.2",
          "bundled": true
        },
        "cordova-registry-mapper": {
          "version": "1.1.15",
          "bundled": true
        },
        "elementtree": {
          "version": "0.1.6",
          "bundled": true
        },
        "glob": {
          "version": "5.0.15",
          "bundled": true
        },
        "inflight": {
          "version": "1.0.6",
          "bundled": true
        },
        "inherits": {
          "version": "2.0.3",
          "bundled": true
        },
        "ios-sim": {
          "version": "5.0.12",
          "bundled": true,
          "dependencies": {
            "bplist-parser": {
              "version": "0.0.6",
              "bundled": true
            },
            "nopt": {
              "version": "1.0.9",
              "bundled": true
            }
          }
        },
        "lodash": {
          "version": "3.10.1",
          "bundled": true
        },
        "minimatch": {
          "version": "3.0.3",
          "bundled": true
        },
        "node-uuid": {
          "version": "1.4.7",
          "bundled": true
        },
        "nopt": {
          "version": "3.0.6",
          "bundled": true
        },
        "once": {
          "version": "1.4.0",
          "bundled": true
        },
        "os-homedir": {
          "version": "1.0.2",
          "bundled": true
        },
        "os-tmpdir": {
          "version": "1.0.2",
          "bundled": true
        },
        "osenv": {
          "version": "0.1.3",
          "bundled": true
        },
        "path-is-absolute": {
          "version": "1.0.1",
          "bundled": true
        },
        "pegjs": {
          "version": "0.9.0",
          "bundled": true
        },
        "plist": {
          "version": "1.2.0",
          "bundled": true
        },
        "q": {
          "version": "1.4.1",
          "bundled": true
        },
        "sax": {
          "version": "0.3.5",
          "bundled": true
        },
        "semver": {
          "version": "5.3.0",
          "bundled": true
        },
        "shelljs": {
          "version": "0.5.3",
          "bundled": true
        },
        "simctl": {
          "version": "0.1.0",
          "bundled": true,
          "dependencies": {
            "shelljs": {
              "version": "0.2.6",
              "bundled": true
            }
          }
        },
        "simple-plist": {
          "version": "0.1.4",
          "bundled": true,
          "dependencies": {
            "bplist-parser": {
              "version": "0.0.6",
              "bundled": true
            }
          }
        },
        "stream-buffers": {
          "version": "0.2.6",
          "bundled": true
        },
        "tail": {
          "version": "0.4.0",
          "bundled": true
        },
        "underscore": {
          "version": "1.8.3",
          "bundled": true
        },
        "unorm": {
          "version": "1.4.1",
          "bundled": true
        },
        "util-deprecate": {
          "version": "1.0.2",
          "bundled": true
        },
        "wrappy": {
          "version": "1.0.2",
          "bundled": true
        },
        "xcode": {
          "version": "0.9.3",
          "resolved": "https://registry.npmjs.org/xcode/-/xcode-0.9.3.tgz",
          "integrity": "sha1-kQqJwWrubMC0LKgFptC0z4chHPM=",
          "dependencies": {
            "base64-js": {
              "version": "1.1.2",
              "resolved": "https://registry.npmjs.org/base64-js/-/base64-js-1.1.2.tgz",
              "integrity": "sha1-1kAMrBxMZgl22Q0HoENR2JOV9eg="
            },
            "bplist-creator": {
              "version": "0.0.7",
              "resolved": "https://registry.npmjs.org/bplist-creator/-/bplist-creator-0.0.7.tgz",
              "integrity": "sha1-N98VNgkoJLh8QvlXsBNEEXNyrkU="
            },
            "pegjs": {
              "version": "0.10.0",
              "resolved": "https://registry.npmjs.org/pegjs/-/pegjs-0.10.0.tgz",
              "integrity": "sha1-z4uvrm7d/0tafvsYUmnqr0YQ3b0="
            },
            "plist": {
              "version": "2.0.1",
              "resolved": "https://registry.npmjs.org/plist/-/plist-2.0.1.tgz",
              "integrity": "sha1-CjLKlIGxw2TpLhjcVch23p0B2os="
            },
            "simple-plist": {
              "version": "0.2.1",
              "resolved": "https://registry.npmjs.org/simple-plist/-/simple-plist-0.2.1.tgz",
              "integrity": "sha1-cXZts1IyaSjPOoByQrp2IyJjZyM="
            },
            "stream-buffers": {
              "version": "2.2.0",
              "resolved": "https://registry.npmjs.org/stream-buffers/-/stream-buffers-2.2.0.tgz",
              "integrity": "sha1-kdX1Ew0c75bc+n9yaUUYh0HQnuQ="
            },
            "uuid": {
              "version": "3.0.1",
              "resolved": "https://registry.npmjs.org/uuid/-/uuid-3.0.1.tgz",
              "integrity": "sha1-ZUS7ot/ajBzxfmKaOjBeK7H+5sE="
            },
            "xmlbuilder": {
              "version": "8.2.2",
              "resolved": "https://registry.npmjs.org/xmlbuilder/-/xmlbuilder-8.2.2.tgz",
              "integrity": "sha1-aSSGc0ELS6QuGmE2VR0pIjNap3M="
            }
          }
        },
        "xml-escape": {
          "version": "1.1.0",
          "bundled": true
        },
        "xmlbuilder": {
          "version": "4.0.0",
          "bundled": true
        },
        "xmldom": {
          "version": "0.1.27",
          "bundled": true
        }
      }
    },
    "cordova-plugin-console": {
      "version": "1.0.5",
      "resolved": "https://registry.npmjs.org/cordova-plugin-console/-/cordova-plugin-console-1.0.5.tgz",
      "integrity": "sha1-8OKa7pwDyrnp2IOwHRnyLd1chXA="
    },
    "cordova-plugin-device": {
      "version": "1.1.4",
      "resolved": "https://registry.npmjs.org/cordova-plugin-device/-/cordova-plugin-device-1.1.4.tgz",
      "integrity": "sha1-1f50cSBp0D9tOG7wvTIbOr0NONw="
    },
    "cordova-plugin-inappbrowser": {
      "version": "3.1.0",
      "resolved": "https://registry.npmjs.org/cordova-plugin-inappbrowser/-/cordova-plugin-inappbrowser-3.1.0.tgz",
      "integrity": "sha512-YqrZfYgbGTS20SFID0mrRxud312VH072QVlFonCAkPgtGg1Svy7lELOCNFd+KU7t4mVtZeTEjZPEeefvjaetwQ=="
    },
    "cordova-plugin-splashscreen": {
      "version": "4.0.3",
      "resolved": "https://registry.npmjs.org/cordova-plugin-splashscreen/-/cordova-plugin-splashscreen-4.0.3.tgz",
      "integrity": "sha1-dzzRNjwfO6y5kBZj6eN5PdPgoZ0="
    },
    "cordova-plugin-statusbar": {
      "version": "2.2.2",
      "resolved": "https://registry.npmjs.org/cordova-plugin-statusbar/-/cordova-plugin-statusbar-2.2.2.tgz",
      "integrity": "sha1-nFM0JqKb0ojnOx86iXLuFkRQ+2s="
    },
    "cordova-plugin-whitelist": {
      "version": "1.3.1",
      "resolved": "https://registry.npmjs.org/cordova-plugin-whitelist/-/cordova-plugin-whitelist-1.3.1.tgz",
      "integrity": "sha1-n9Hbf9bJVpUdNHcc3Nl/Zs7VFt8="
    },
    "cordova-sqlite-storage": {
      "version": "2.0.4",
      "resolved": "https://registry.npmjs.org/cordova-sqlite-storage/-/cordova-sqlite-storage-2.0.4.tgz",
      "integrity": "sha1-i1zmXGO0awQVynASzFe/JxGyA3E="
    },
    "ionic": {
      "version": "3.19.0",
      "resolved": "https://registry.npmjs.org/ionic/-/ionic-3.19.0.tgz",
      "integrity": "sha512-ehkZFkKeq5n2L3Mx087gN9pODHtn8js4QnSklp/rwBa4louBMcUGIfDJ3KiFwJZ95BX2kCwmwCYj7Oa/TKR9yQ==",
      "dev": true,
      "dependencies": {
        "@ionic/cli-framework": {
          "version": "0.1.2",
          "resolved": "https://registry.npmjs.org/@ionic/cli-framework/-/cli-framework-0.1.2.tgz",
          "integrity": "sha512-EEqcpkO7/uo4wt6d2cZHhWjO0yyD6HkEGsrl0ETbfUVJLR0NU3vDi9VvFM8K0NzHOaaHxCKzux+Y3+oJ7utZjA=="
        },
        "@ionic/cli-utils": {
          "version": "1.19.0",
          "resolved": "https://registry.npmjs.org/@ionic/cli-utils/-/cli-utils-1.19.0.tgz",
          "integrity": "sha512-Wr/QHrZWI2kNDuE1PQUZX5fIoPewPYfa9Ra4LQZ8zrIJzYbmChDOCnyd//zlFvetj3uYuOJRuWUZaiqe5gaziQ=="
        },
        "accepts": {
          "version": "1.3.4",
          "resolved": "https://registry.npmjs.org/accepts/-/accepts-1.3.4.tgz",
          "integrity": "sha1-hiRnWMfdbSGmR0/whKR0DsBesh8="
        },
        "ansi-regex": {
          "version": "3.0.0",
          "resolved": "https://registry.npmjs.org/ansi-regex/-/ansi-regex-3.0.0.tgz",
          "integrity": "sha1-7QMXwyIGT3lGbAKWa922Bas32Zg="
        },
        "chalk": {
          "version": "2.3.0",
          "resolved": "https://registry.npmjs.org/chalk/-/chalk-2.3.0.tgz",
          "integrity": "sha512-Az5zJR2CBujap2rqXGaJKaPHyJ0IrUimvYNX+ncCy8PJP4ltOGTrHUIo097ZaL2zMeKYpiCdqDvS6zdrTFok3Q=="
        },
        "content-type": {
          "version": "1.0.4",
          "resolved": "https://registry.npmjs.org/content-type/-/content-type-1.0.4.tgz",
          "integrity": "sha512-hIP3EEPs8tB9AT1L+NUqtwOAps4mk2Zob89MWXMHjHWg9milF/j4osnnQLXBCBFBk/tvIG/tUc9mOUJiPBhPXA=="
        },
        "debug": {
          "version": "2.6.9",
          "resolved": "https://registry.npmjs.org/debug/-/debug-2.6.9.tgz",
          "integrity": "sha512-bC7ElrdJaJnPbAP+1EotYvqZsb3ecl5wi6Bfi6BJTUcNowp6cvspg0jXznRTKDjm/E7AdgFBVeAPVMNcKGsHMA=="
        },
        "diff": {
          "version": "3.4.0",
          "resolved": "https://registry.npmjs.org/diff/-/diff-3.4.0.tgz",
          "integrity": "sha512-QpVuMTEoJMF7cKzi6bvWhRulU1fZqZnvyVQgNhPaxxuTYwyjn/j1v9falseQ/uXWwPnO56RBfwtg4h/EQXmucA=="
        },
        "etag": {
          "version": "1.8.1",
          "resolved": "https://registry.npmjs.org/etag/-/etag-1.8.1.tgz",
          "integrity": "sha1-Qa4u62XvpiJorr/qg6x9eSmbCIc="
        },
        "express": {
          "version": "4.16.2",
          "resolved": "https://registry.npmjs.org/express/-/express-4.16.2.tgz",
          "integrity": "sha1-41xt/i1kt9ygpc1PIXgb4ymeB2w="
        },
        "finalhandler": {
          "version": "1.1.0",
          "resolved": "https://registry.npmjs.org/finalhandler/-/finalhandler-1.1.0.tgz",
          "integrity": "sha1-zgtoVbRYU+eRsvzGgARtiCU91/U="
        },
        "forwarded": {
          "version": "0.1.2",
          "resolved": "https://registry.npmjs.org/forwarded/-/forwarded-0.1.2.tgz",
          "integrity": "sha1-mMI9qxF1ZXuMBXPozszZGw/xjIQ="
        },
        "fresh": {
          "version": "0.5.2",
          "resolved": "https://registry.npmjs.org/fresh/-/fresh-0.5.2.tgz",
          "integrity": "sha1-PYyt2Q2XZWn6g1qx+OSyOhBWBac="
        },
        "ipaddr.js": {
          "version": "1.5.2",
          "resolved": "https://registry.npmjs.org/ipaddr.js/-/ipaddr.js-1.5.2.tgz",
          "integrity": "sha1-1LUFvemUaYfM8PxY2QEP+WB+P6A="
        },
        "is-fullwidth-code-point": {
          "version": "2.0.0",
          "resolved": "https://registry.npmjs.org/is-fullwidth-code-point/-/is-fullwidth-code-point-2.0.0.tgz",
          "integrity": "sha1-o7MKXE8ZkYMWeqq5O+764937ZU8="
        },
        "mime": {
          "version": "1.4.1",
          "resolved": "https://registry.npmjs.org/mime/-/mime-1.4.1.tgz",
          "integrity": "sha512-KI1+qOZu5DcW6wayYHSzR/tXKCDC5Om4s1z2QJjDULzLcmf3DvzS7oluY4HCTrc+9FiKmWUgeNLg7W3uIQvxtQ=="
        },
        "parseurl": {
          "version": "1.3.2",
          "resolved": "https://registry.npmjs.org/parseurl/-/parseurl-1.3.2.tgz",
          "integrity": "sha1-/CidTtiZMRlGDBViUyYs3I3mW/M="
        },
        "proxy-addr": {
          "version": "2.0.2",
          "resolved": "https://registry.npmjs.org/proxy-addr/-/proxy-addr-2.0.2.tgz",
          "integrity": "sha1-ZXFQT0e7mI7IGAJT+F3X4UlSvew="
        },
        "qs": {
          "version": "6.5.1",
          "resolved": "https://registry.npmjs.org/qs/-/qs-6.5.1.tgz",
          "integrity": "sha512-eRzhrN1WSINYCDCbrz796z37LOe3m5tmW7RQf6oBntukAG1nmovJvhnwHHRMAfeoItc1m2Hk02WER2aQ/iqs+A=="
        },
        "rimraf": {
          "version": "2.6.2",
          "resolved": "https://registry.npmjs.org/rimraf/-/rimraf-2.6.2.tgz",
          "integrity": "sha512-lreewLK/BlghmxtfH36YYVg1i8IAce4TI7oao75I1g245+6BctqTVQiBP3YUJ9C6DQOXJmkYR9X9fCLtCOJc5w=="
        },
        "send": {
          "version": "0.16.1",
          "resolved": "https://registry.npmjs.org/send/-/send-0.16.1.tgz",
          "integrity": "sha512-ElCLJdJIKPk6ux/Hocwhk7NFHpI3pVm/IZOYWqUmoxcgeyM+MpxHHKhb8QmlJDX1pU6WrgaHBkVNm73Sv7uc2A=="
        },
        "serve-static": {
          "version": "1.13.1",
          "resolved": "https://registry.npmjs.org/serve-static/-/serve-static-1.13.1.tgz",
          "integrity": "sha512-hSMUZrsPa/I09VYFJwa627JJkNs0NrfL1Uzuup+GqHfToR2KcsXFymXSV90hoyw3M+msjFuQly+YzIH/q0MGlQ=="
        },
        "setprototypeof": {
          "version": "1.1.0",
          "resolved": "https://registry.npmjs.org/setprototypeof/-/setprototypeof-1.1.0.tgz",
          "integrity": "sha512-BvE/TwpZX4FXExxOxZyRGQQv651MSwmWKZGqvmPcRIjDqWub67kTKuIMx43cZZrS/cBBzwBcNDWoFxt2XEFIpQ=="
        },
        "string-width": {
          "version": "2.1.1",
          "resolved": "https://registry.npmjs.org/string-width/-/string-width-2.1.1.tgz",
          "integrity": "sha512-nOqH59deCq9SRHlxq1Aw85Jnt4w6KvLKqWVik6oA9ZklXLNIOlqg4F2yrT1MVaTjAqvVwdfeZ7w7aCvJD7ugkw=="
        },
        "strip-ansi": {
          "version": "4.0.0",
          "resolved": "https://registry.npmjs.org/strip-ansi/-/strip-ansi-4.0.0.tgz",
          "integrity": "sha1-qEeQIusaw2iocTibY1JixQXuNo8="
        },
        "tar": {
          "version": "4.0.2",
          "resolved": "https://registry.npmjs.org/tar/-/tar-4.0.2.tgz",
          "integrity": "sha512-4lWN4uAEWzw8aHyBUx9HWXvH3vIFEhOyvN22HfBzWpE07HaTBXM8ttSeCQpswRo5On4q3nmmYmk7Tomn0uhUaw=="
        },
        "tiny-lr": {
          "version": "1.0.5",
          "resolved": "https://registry.npmjs.org/tiny-lr/-/tiny-lr-1.0.5.tgz",
          "integrity": "sha512-YrxUSiMgOVh3PnAqtdAUQuUVEVRnqcRCxJ3BHrl/aaWV2fplKKB60oClM0GH2Gio2hcXvkxMUxsC/vXZrQePlg=="
        },
        "tslib": {
          "version": "1.8.0",
          "resolved": "https://registry.npmjs.org/tslib/-/tslib-1.8.0.tgz",
          "integrity": "sha512-ymKWWZJST0/CkgduC2qkzjMOWr4bouhuURNXCn/inEX0L57BnRG6FhX76o7FOnsjHazCjfU2LKeSrlS2sIKQJg=="
        },
        "ultron": {
          "version": "1.1.0",
          "resolved": "https://registry.npmjs.org/ultron/-/ultron-1.1.0.tgz",
          "integrity": "sha1-sHoualQagV/Go0zNRTO67DB8qGQ="
        },
        "utils-merge": {
          "version": "1.0.1",
          "resolved": "https://registry.npmjs.org/utils-merge/-/utils-merge-1.0.1.tgz",
          "integrity": "sha1-n5VxD1CiZ5R7LMwSR0HBAoQn5xM="
        },
        "vary": {
          "version": "1.1.2",
          "resolved": "https://registry.npmjs.org/vary/-/vary-1.1.2.tgz",
          "integrity": "sha1-IpnwLG3tMNSllhsLn3RSShj2NPw="
        },
        "wrap-ansi": {
          "version": "3.0.1",
          "resolved": "https://registry.npmjs.org/wrap-ansi/-/wrap-ansi-3.0.1.tgz",
          "integrity": "sha1-KIoE2H7aXChuBg3+jxNc6NAH+Lo="
        },
        "ws": {
          "version": "3.3.2",
          "resolved": "https://registry.npmjs.org/ws/-/ws-3.3.2.tgz",
          "integrity": "sha512-t+WGpsNxhMR4v6EClXS8r8km5ZljKJzyGhJf7goJz9k5Ye3+b5Bvno5rjqPuIBn5mnn5GBb7o8IrIWHxX1qOLQ=="
        },
        "yallist": {
          "version": "3.0.2",
          "resolved": "https://registry.npmjs.org/yallist/-/yallist-3.0.2.tgz",
          "integrity": "sha1-hFK0u36Dx8GI2AQcGoN8dz1ti7k="
        }
      }
    },
    "ionic-angular": {
      "version": "3.9.2",
      "resolved": "https://registry.npmjs.org/ionic-angular/-/ionic-angular-3.9.2.tgz",
      "integrity": "sha512-BEZ6magY1i5GwM9ki/MOpszUz62+g518HsGICtw9TE1D4v9Eb6n/o7e+X0vtvpK4TdouFjQ8r5XA9VPAKW9/+Q=="
    },
    "ionic-plugin-keyboard": {
      "version": "2.2.1",
      "resolved": "https://registry.npmjs.org/ionic-plugin-keyboard/-/ionic-plugin-keyboard-2.2.1.tgz",
      "integrity": "sha1-8qnhabvptVIkADR8n9bTRn7j+hI="
    },
    "ionicons": {
      "version": "3.0.0",
      "resolved": "https://registry.npmjs.org/ionicons/-/ionicons-3.0.0.tgz",
      "integrity": "sha1-QLja9P16MRUL0AIWD2ZJbiKpjDw="
    },
    "js-cookie": {
      "version": "2.2.0",
      "resolved": "https://registry.npmjs.org/js-cookie/-/js-cookie-2.2.0.tgz",
      "integrity": "sha1-Gywnmm7s44ChIWi5JIUmWzWx7/s="
    },
    "pm2": {
      "version": "2.6.1",
      "resolved": "https://registry.npmjs.org/pm2/-/pm2-2.6.1.tgz",
      "integrity": "sha512-eJKj0pJ1usukfduuSMyQxN3wVBszwiPl+R6FmZCbxwkhH9BI8zZ+WHOi9R5m8k6AowrU5c8/SgT0Xr+J6Y2EAA=="
    },
    "rxjs": {
      "version": "5.4.0",
      "resolved": "https://registry.npmjs.org/rxjs/-/rxjs-5.4.0.tgz",
      "integrity": "sha1-p9sUqxV/nXqsalbmVeejhg05vyY="
    },
    "sw-toolbox": {
      "version": "3.6.0",
      "resolved": "https://registry.npmjs.org/sw-toolbox/-/sw-toolbox-3.6.0.tgz",
      "integrity": "sha1-Jt8dHHA0hljk3qKIQxkUm3sxg7U=",
      "dependencies": {
        "isarray": {
          "version": "0.0.1",
          "resolved": "https://registry.npmjs.org/isarray/-/isarray-0.0.1.tgz",
          "integrity": "sha1-ihis/Kmo9Bd+Cav8YDiTmwXR7t8="
        },
        "path-to-regexp": {
          "version": "1.7.0",
          "resolved": "https://registry.npmjs.org/path-to-regexp/-/path-to-regexp-1.7.0.tgz",
          "integrity": "sha1-Wf3g9DW62suhA6hOnTvGTpa5k30="
        }
      }
    },
    "typescript": {
      "version": "2.3.4",
      "resolved": "https://registry.npmjs.org/typescript/-/typescript-2.3.4.tgz",
      "integrity": "sha1-PTgyGCgjHkNPKHUUlZw3qCtin0I="
    },
    "zone.js": {
      "version": "0.8.12",
      "resolved": "https://registry.npmjs.org/zone.js/-/zone.js-0.8.12.tgz",
      "integrity": "sha1-hv9QU8mK7CkaC/S7rFAdaUoFz7s="
    }
  }
}
